// !$*UTF8*$!
{
	archiveVersion = 1;
	classes = {
	};
	objectVersion = 46;
	objects = {

/* Begin PBXBuildFile section */
		76552C271BDA66E9008E5CE8 /* main.m in Sources */ = {isa = PBXBuildFile; fileRef = 76552C261BDA66E9008E5CE8 /* main.m */; };
		76552C2A1BDA66E9008E5CE8 /* AppDelegate.m in Sources */ = {isa = PBXBuildFile; fileRef = 76552C291BDA66E9008E5CE8 /* AppDelegate.m */; };
		76552C581BDA6A82008E5CE8 /* VDContactViewController.m in Sources */ = {isa = PBXBuildFile; fileRef = 76552C421BDA6A82008E5CE8 /* VDContactViewController.m */; };
		76552C591BDA6A82008E5CE8 /* VDEnterpriseCell.m in Sources */ = {isa = PBXBuildFile; fileRef = 76552C461BDA6A82008E5CE8 /* VDEnterpriseCell.m */; };
		76552C5A1BDA6A82008E5CE8 /* VDEnterpriseCell.xib in Resources */ = {isa = PBXBuildFile; fileRef = 76552C471BDA6A82008E5CE8 /* VDEnterpriseCell.xib */; };
		76552C5B1BDA6A82008E5CE8 /* VDNavigationViewController.m in Sources */ = {isa = PBXBuildFile; fileRef = 76552C4B1BDA6A82008E5CE8 /* VDNavigationViewController.m */; };
		76552C5C1BDA6A82008E5CE8 /* VDTabBarController.m in Sources */ = {isa = PBXBuildFile; fileRef = 76552C4D1BDA6A82008E5CE8 /* VDTabBarController.m */; };
		76552C5D1BDA6A82008E5CE8 /* VDMessageViewController.m in Sources */ = {isa = PBXBuildFile; fileRef = 76552C511BDA6A82008E5CE8 /* VDMessageViewController.m */; };
		76552C5E1BDA6A82008E5CE8 /* VDMessageCell.m in Sources */ = {isa = PBXBuildFile; fileRef = 76552C551BDA6A82008E5CE8 /* VDMessageCell.m */; };
		76552C5F1BDA6A82008E5CE8 /* VDMessageCell.xib in Resources */ = {isa = PBXBuildFile; fileRef = 76552C561BDA6A82008E5CE8 /* VDMessageCell.xib */; };
		76552C611BDA6CF5008E5CE8 /* Image.xcassets in Resources */ = {isa = PBXBuildFile; fileRef = 76552C601BDA6CF5008E5CE8 /* Image.xcassets */; };
/* End PBXBuildFile section */

/* Begin PBXFileReference section */
		76552C221BDA66E9008E5CE8 /* VDTalk.app */ = {isa = PBXFileReference; explicitFileType = wrapper.application; includeInIndex = 0; path = VDTalk.app; sourceTree = BUILT_PRODUCTS_DIR; };
		76552C261BDA66E9008E5CE8 /* main.m */ = {isa = PBXFileReference; lastKnownFileType = sourcecode.c.objc; path = main.m; sourceTree = "<group>"; };
		76552C281BDA66E9008E5CE8 /* AppDelegate.h */ = {isa = PBXFileReference; lastKnownFileType = sourcecode.c.h; name = AppDelegate.h; path = ../AppDelegate.h; sourceTree = "<group>"; };
		76552C291BDA66E9008E5CE8 /* AppDelegate.m */ = {isa = PBXFileReference; lastKnownFileType = sourcecode.c.objc; name = AppDelegate.m; path = ../AppDelegate.m; sourceTree = "<group>"; };
		76552C361BDA66E9008E5CE8 /* Info.plist */ = {isa = PBXFileReference; lastKnownFileType = text.plist.xml; path = Info.plist; sourceTree = "<group>"; };
		76552C411BDA6A82008E5CE8 /* VDContactViewController.h */ = {isa = PBXFileReference; fileEncoding = 4; lastKnownFileType = sourcecode.c.h; path = VDContactViewController.h; sourceTree = "<group>"; };
		76552C421BDA6A82008E5CE8 /* VDContactViewController.m */ = {isa = PBXFileReference; fileEncoding = 4; lastKnownFileType = sourcecode.c.objc; path = VDContactViewController.m; sourceTree = "<group>"; };
		76552C451BDA6A82008E5CE8 /* VDEnterpriseCell.h */ = {isa = PBXFileReference; fileEncoding = 4; lastKnownFileType = sourcecode.c.h; path = VDEnterpriseCell.h; sourceTree = "<group>"; };
		76552C461BDA6A82008E5CE8 /* VDEnterpriseCell.m */ = {isa = PBXFileReference; fileEncoding = 4; lastKnownFileType = sourcecode.c.objc; path = VDEnterpriseCell.m; sourceTree = "<group>"; };
		76552C471BDA6A82008E5CE8 /* VDEnterpriseCell.xib */ = {isa = PBXFileReference; fileEncoding = 4; lastKnownFileType = file.xib; path = VDEnterpriseCell.xib; sourceTree = "<group>"; };
		76552C4A1BDA6A82008E5CE8 /* VDNavigationViewController.h */ = {isa = PBXFileReference; fileEncoding = 4; lastKnownFileType = sourcecode.c.h; path = VDNavigationViewController.h; sourceTree = "<group>"; };
		76552C4B1BDA6A82008E5CE8 /* VDNavigationViewController.m */ = {isa = PBXFileReference; fileEncoding = 4; lastKnownFileType = sourcecode.c.objc; path = VDNavigationViewController.m; sourceTree = "<group>"; };
		76552C4C1BDA6A82008E5CE8 /* VDTabBarController.h */ = {isa = PBXFileReference; fileEncoding = 4; lastKnownFileType = sourcecode.c.h; path = VDTabBarController.h; sourceTree = "<group>"; };
		76552C4D1BDA6A82008E5CE8 /* VDTabBarController.m */ = {isa = PBXFileReference; fileEncoding = 4; lastKnownFileType = sourcecode.c.objc; path = VDTabBarController.m; sourceTree = "<group>"; };
		76552C501BDA6A82008E5CE8 /* VDMessageViewController.h */ = {isa = PBXFileReference; fileEncoding = 4; lastKnownFileType = sourcecode.c.h; path = VDMessageViewController.h; sourceTree = "<group>"; };
		76552C511BDA6A82008E5CE8 /* VDMessageViewController.m */ = {isa = PBXFileReference; fileEncoding = 4; lastKnownFileType = sourcecode.c.objc; path = VDMessageViewController.m; sourceTree = "<group>"; };
		76552C541BDA6A82008E5CE8 /* VDMessageCell.h */ = {isa = PBXFileReference; fileEncoding = 4; lastKnownFileType = sourcecode.c.h; path = VDMessageCell.h; sourceTree = "<group>"; };
		76552C551BDA6A82008E5CE8 /* VDMessageCell.m */ = {isa = PBXFileReference; fileEncoding = 4; lastKnownFileType = sourcecode.c.objc; path = VDMessageCell.m; sourceTree = "<group>"; };
		76552C561BDA6A82008E5CE8 /* VDMessageCell.xib */ = {isa = PBXFileReference; fileEncoding = 4; lastKnownFileType = file.xib; path = VDMessageCell.xib; sourceTree = "<group>"; };
		76552C601BDA6CF5008E5CE8 /* Image.xcassets */ = {isa = PBXFileReference; lastKnownFileType = folder.assetcatalog; path = Image.xcassets; sourceTree = "<group>"; };
/* End PBXFileReference section */

/* Begin PBXFrameworksBuildPhase section */
		76552C1F1BDA66E9008E5CE8 /* Frameworks */ = {
			isa = PBXFrameworksBuildPhase;
			buildActionMask = 2147483647;
			files = (
			);
			runOnlyForDeploymentPostprocessing = 0;
		};
/* End PBXFrameworksBuildPhase section */

/* Begin PBXGroup section */
		76552C191BDA66E9008E5CE8 = {
			isa = PBXGroup;
			children = (
				76552C241BDA66E9008E5CE8 /* VDTalk */,
				76552C231BDA66E9008E5CE8 /* Products */,
			);
			sourceTree = "<group>";
		};
		76552C231BDA66E9008E5CE8 /* Products */ = {
			isa = PBXGroup;
			children = (
				76552C221BDA66E9008E5CE8 /* VDTalk.app */,
			);
			name = Products;
			sourceTree = "<group>";
		};
		76552C241BDA66E9008E5CE8 /* VDTalk */ = {
			isa = PBXGroup;
			children = (
				76552C3C1BDA6A82008E5CE8 /* Classes */,
				76552C251BDA66E9008E5CE8 /* Supporting Files */,
			);
			path = VDTalk;
			sourceTree = "<group>";
		};
		76552C251BDA66E9008E5CE8 /* Supporting Files */ = {
			isa = PBXGroup;
			children = (
				76552C601BDA6CF5008E5CE8 /* Image.xcassets */,
				76552C361BDA66E9008E5CE8 /* Info.plist */,
				76552C261BDA66E9008E5CE8 /* main.m */,
			);
			name = "Supporting Files";
			sourceTree = "<group>";
		};
		76552C3C1BDA6A82008E5CE8 /* Classes */ = {
			isa = PBXGroup;
			children = (
				76552C281BDA66E9008E5CE8 /* AppDelegate.h */,
				76552C291BDA66E9008E5CE8 /* AppDelegate.m */,
				76552C3F1BDA6A82008E5CE8 /* Contact */,
				76552C481BDA6A82008E5CE8 /* Framework */,
				76552C491BDA6A82008E5CE8 /* Home */,
				76552C4E1BDA6A82008E5CE8 /* Message */,
			);
			path = Classes;
			sourceTree = "<group>";
		};
		76552C3F1BDA6A82008E5CE8 /* Contact */ = {
			isa = PBXGroup;
			children = (
				76552C401BDA6A82008E5CE8 /* Controllers */,
				76552C431BDA6A82008E5CE8 /* Models */,
				76552C441BDA6A82008E5CE8 /* Views */,
			);
			path = Contact;
			sourceTree = "<group>";
		};
		76552C401BDA6A82008E5CE8 /* Controllers */ = {
			isa = PBXGroup;
			children = (
				76552C411BDA6A82008E5CE8 /* VDContactViewController.h */,
				76552C421BDA6A82008E5CE8 /* VDContactViewController.m */,
			);
			path = Controllers;
			sourceTree = "<group>";
		};
		76552C431BDA6A82008E5CE8 /* Models */ = {
			isa = PBXGroup;
			children = (
			);
			path = Models;
			sourceTree = "<group>";
		};
		76552C441BDA6A82008E5CE8 /* Views */ = {
			isa = PBXGroup;
			children = (
				76552C451BDA6A82008E5CE8 /* VDEnterpriseCell.h */,
				76552C461BDA6A82008E5CE8 /* VDEnterpriseCell.m */,
				76552C471BDA6A82008E5CE8 /* VDEnterpriseCell.xib */,
			);
			path = Views;
			sourceTree = "<group>";
		};
		76552C481BDA6A82008E5CE8 /* Framework */ = {
			isa = PBXGroup;
			children = (
			);
			path = Framework;
			sourceTree = "<group>";
		};
		76552C491BDA6A82008E5CE8 /* Home */ = {
			isa = PBXGroup;
			children = (
				76552C4A1BDA6A82008E5CE8 /* VDNavigationViewController.h */,
				76552C4B1BDA6A82008E5CE8 /* VDNavigationViewController.m */,
				76552C4C1BDA6A82008E5CE8 /* VDTabBarController.h */,
				76552C4D1BDA6A82008E5CE8 /* VDTabBarController.m */,
			);
			path = Home;
			sourceTree = "<group>";
		};
		76552C4E1BDA6A82008E5CE8 /* Message */ = {
			isa = PBXGroup;
			children = (
				76552C4F1BDA6A82008E5CE8 /* Controllers */,
				76552C521BDA6A82008E5CE8 /* Models */,
				76552C531BDA6A82008E5CE8 /* Views */,
			);
			path = Message;
			sourceTree = "<group>";
		};
		76552C4F1BDA6A82008E5CE8 /* Controllers */ = {
			isa = PBXGroup;
			children = (
				76552C501BDA6A82008E5CE8 /* VDMessageViewController.h */,
				76552C511BDA6A82008E5CE8 /* VDMessageViewController.m */,
			);
			path = Controllers;
			sourceTree = "<group>";
		};
		76552C521BDA6A82008E5CE8 /* Models */ = {
			isa = PBXGroup;
			children = (
			);
			path = Models;
			sourceTree = "<group>";
		};
		76552C531BDA6A82008E5CE8 /* Views */ = {
			isa = PBXGroup;
			children = (
				76552C541BDA6A82008E5CE8 /* VDMessageCell.h */,
				76552C551BDA6A82008E5CE8 /* VDMessageCell.m */,
				76552C561BDA6A82008E5CE8 /* VDMessageCell.xib */,
			);
			path = Views;
			sourceTree = "<group>";
		};
/* End PBXGroup section */

/* Begin PBXNativeTarget section */
		76552C211BDA66E9008E5CE8 /* VDTalk */ = {
			isa = PBXNativeTarget;
			buildConfigurationList = 76552C391BDA66E9008E5CE8 /* Build configuration list for PBXNativeTarget "VDTalk" */;
			buildPhases = (
				76552C1E1BDA66E9008E5CE8 /* Sources */,
				76552C1F1BDA66E9008E5CE8 /* Frameworks */,
				76552C201BDA66E9008E5CE8 /* Resources */,
			);
			buildRules = (
			);
			dependencies = (
			);
			name = VDTalk;
			productName = VDTalk;
			productReference = 76552C221BDA66E9008E5CE8 /* VDTalk.app */;
			productType = "com.apple.product-type.application";
		};
/* End PBXNativeTarget section */

/* Begin PBXProject section */
		76552C1A1BDA66E9008E5CE8 /* Project object */ = {
			isa = PBXProject;
			attributes = {
				LastUpgradeCheck = 0710;
				ORGANIZATIONNAME = "Harwyn T'an";
				TargetAttributes = {
					76552C211BDA66E9008E5CE8 = {
						CreatedOnToolsVersion = 7.1;
					};
				};
			};
			buildConfigurationList = 76552C1D1BDA66E9008E5CE8 /* Build configuration list for PBXProject "VDTalk" */;
			compatibilityVersion = "Xcode 3.2";
			developmentRegion = English;
			hasScannedForEncodings = 0;
			knownRegions = (
				en,
				Base,
			);
			mainGroup = 76552C191BDA66E9008E5CE8;
			productRefGroup = 76552C231BDA66E9008E5CE8 /* Products */;
			projectDirPath = "";
			projectRoot = "";
			targets = (
				76552C211BDA66E9008E5CE8 /* VDTalk */,
			);
		};
/* End PBXProject section */

/* Begin PBXResourcesBuildPhase section */
		76552C201BDA66E9008E5CE8 /* Resources */ = {
			isa = PBXResourcesBuildPhase;
			buildActionMask = 2147483647;
			files = (
				76552C5A1BDA6A82008E5CE8 /* VDEnterpriseCell.xib in Resources */,
				76552C611BDA6CF5008E5CE8 /* Image.xcassets in Resources */,
				76552C5F1BDA6A82008E5CE8 /* VDMessageCell.xib in Resources */,
			);
			runOnlyForDeploymentPostprocessing = 0;
		};
/* End PBXResourcesBuildPhase section */

/* Begin PBXSourcesBuildPhase section */
		76552C1E1BDA66E9008E5CE8 /* Sources */ = {
			isa = PBXSourcesBuildPhase;
			buildActionMask = 2147483647;
			files = (
				76552C581BDA6A82008E5CE8 /* VDContactViewController.m in Sources */,
				76552C5C1BDA6A82008E5CE8 /* VDTabBarController.m in Sources */,
				76552C5D1BDA6A82008E5CE8 /* VDMessageViewController.m in Sources */,
				76552C5E1BDA6A82008E5CE8 /* VDMessageCell.m in Sources */,
				76552C591BDA6A82008E5CE8 /* VDEnterpriseCell.m in Sources */,
				76552C5B1BDA6A82008E5CE8 /* VDNavigationViewController.m in Sources */,
				76552C2A1BDA66E9008E5CE8 /* AppDelegate.m in Sources */,
				76552C271BDA66E9008E5CE8 /* main.m in Sources */,
			);
			runOnlyForDeploymentPostprocessing = 0;
		};
/* End PBXSourcesBuildPhase section */

/* Begin XCBuildConfiguration section */
		76552C371BDA66E9008E5CE8 /* Debug */ = {
			isa = XCBuildConfiguration;
			buildSettings = {
				ALWAYS_SEARCH_USER_PATHS = NO;
				CLANG_CXX_LANGUAGE_STANDARD = "gnu++0x";
				CLANG_CXX_LIBRARY = "libc++";
				CLANG_ENABLE_MODULES = YES;
				CLANG_ENABLE_OBJC_ARC = YES;
				CLANG_WARN_BOOL_CONVERSION = YES;
				CLANG_WARN_CONSTANT_CONVERSION = YES;
				CLANG_WARN_DIRECT_OBJC_ISA_USAGE = YES_ERROR;
				CLANG_WARN_EMPTY_BODY = YES;
				CLANG_WARN_ENUM_CONVERSION = YES;
				CLANG_WARN_INT_CONVERSION = YES;
				CLANG_WARN_OBJC_ROOT_CLASS = YES_ERROR;
				CLANG_WARN_UNREACHABLE_CODE = YES;
				CLANG_WARN__DUPLICATE_METHOD_MATCH = YES;
				"CODE_SIGN_IDENTITY[sdk=iphoneos*]" = "iPhone Developer";
				COPY_PHASE_STRIP = NO;
				DEBUG_INFORMATION_FORMAT = dwarf;
				ENABLE_STRICT_OBJC_MSGSEND = YES;
				ENABLE_TESTABILITY = YES;
				GCC_C_LANGUAGE_STANDARD = gnu99;
				GCC_DYNAMIC_NO_PIC = NO;
				GCC_NO_COMMON_BLOCKS = YES;
				GCC_OPTIMIZATION_LEVEL = 0;
				GCC_PREPROCESSOR_DEFINITIONS = (
					"DEBUG=1",
					"$(inherited)",
				);
				GCC_WARN_64_TO_32_BIT_CONVERSION = YES;
				GCC_WARN_ABOUT_RETURN_TYPE = YES_ERROR;
				GCC_WARN_UNDECLARED_SELECTOR = YES;
				GCC_WARN_UNINITIALIZED_AUTOS = YES_AGGRESSIVE;
				GCC_WARN_UNUSED_FUNCTION = YES;
				GCC_WARN_UNUSED_VARIABLE = YES;
				IPHONEOS_DEPLOYMENT_TARGET = 9.1;
				MTL_ENABLE_DEBUG_INFO = YES;
				ONLY_ACTIVE_ARCH = YES;
				SDKROOT = iphoneos;
			};
			name = Debug;
		};
		76552C381BDA66E9008E5CE8 /* Release */ = {
			isa = XCBuildConfiguration;
			buildSettings = {
				ALWAYS_SEARCH_USER_PATHS = NO;
				CLANG_CXX_LANGUAGE_STANDARD = "gnu++0x";
				CLANG_CXX_LIBRARY = "libc++";
				CLANG_ENABLE_MODULES = YES;
				CLANG_ENABLE_OBJC_ARC = YES;
				CLANG_WARN_BOOL_CONVERSION = YES;
				CLANG_WARN_CONSTANT_CONVERSION = YES;
				CLANG_WARN_DIRECT_OBJC_ISA_USAGE = YES_ERROR;
				CLANG_WARN_EMPTY_BODY = YES;
				CLANG_WARN_ENUM_CONVERSION = YES;
				CLANG_WARN_INT_CONVERSION = YES;
				CLANG_WARN_OBJC_ROOT_CLASS = YES_ERROR;
				CLANG_WARN_UNREACHABLE_CODE = YES;
				CLANG_WARN__DUPLICATE_METHOD_MATCH = YES;
				"CODE_SIGN_IDENTITY[sdk=iphoneos*]" = "iPhone Developer";
				COPY_PHASE_STRIP = NO;
				DEBUG_INFORMATION_FORMAT = "dwarf-with-dsym";
				ENABLE_NS_ASSERTIONS = NO;
				ENABLE_STRICT_OBJC_MSGSEND = YES;
				GCC_C_LANGUAGE_STANDARD = gnu99;
				GCC_NO_COMMON_BLOCKS = YES;
				GCC_WARN_64_TO_32_BIT_CONVERSION = YES;
				GCC_WARN_ABOUT_RETURN_TYPE = YES_ERROR;
				GCC_WARN_UNDECLARED_SELECTOR = YES;
				GCC_WARN_UNINITIALIZED_AUTOS = YES_AGGRESSIVE;
				GCC_WARN_UNUSED_FUNCTION = YES;
				GCC_WARN_UNUSED_VARIABLE = YES;
				IPHONEOS_DEPLOYMENT_TARGET = 9.1;
				MTL_ENABLE_DEBUG_INFO = NO;
				SDKROOT = iphoneos;
				VALIDATE_PRODUCT = YES;
			};
			name = Release;
		};
		76552C3A1BDA66E9008E5CE8 /* Debug */ = {
			isa = XCBuildConfiguration;
			buildSettings = {
				ASSETCATALOG_COMPILER_APPICON_NAME = AppIcon;
				INFOPLIST_FILE = VDTalk/Info.plist;
				IPHONEOS_DEPLOYMENT_TARGET = 8.0;
				LD_RUNPATH_SEARCH_PATHS = "$(inherited) @executable_path/Frameworks";
				PRODUCT_BUNDLE_IDENTIFIER = com.vvard3n.VDTalk;
				PRODUCT_NAME = "$(TARGET_NAME)";
			};
			name = Debug;
		};
		76552C3B1BDA66E9008E5CE8 /* Release */ = {
			isa = XCBuildConfiguration;
			buildSettings = {
				ASSETCATALOG_COMPILER_APPICON_NAME = AppIcon;
				INFOPLIST_FILE = VDTalk/Info.plist;
				IPHONEOS_DEPLOYMENT_TARGET = 8.0;
				LD_RUNPATH_SEARCH_PATHS = "$(inherited) @executable_path/Frameworks";
				PRODUCT_BUNDLE_IDENTIFIER = com.vvard3n.VDTalk;
				PRODUCT_NAME = "$(TARGET_NAME)";
			};
			name = Release;
		};
/* End XCBuildConfiguration section */

/* Begin XCConfigurationList section */
		76552C1D1BDA66E9008E5CE8 /* Build configuration list for PBXProject "VDTalk" */ = {
			isa = XCConfigurationList;
			buildConfigurations = (
				76552C371BDA66E9008E5CE8 /* Debug */,
				76552C381BDA66E9008E5CE8 /* Release */,
			);
			defaultConfigurationIsVisible = 0;
			defaultConfigurationName = Release;
		};
		76552C391BDA66E9008E5CE8 /* Build configuration list for PBXNativeTarget "VDTalk" */ = {
			isa = XCConfigurationList;
			buildConfigurations = (
				76552C3A1BDA66E9008E5CE8 /* Debug */,
				76552C3B1BDA66E9008E5CE8 /* Release */,
			);
			defaultConfigurationIsVisible = 0;
			defaultConfigurationName = Release;
		};
/* End XCConfigurationList section */
	};
	rootObject = 76552C1A1BDA66E9008E5CE8 /* Project object */;
}
